
Microsoft Visual Studio Solution File, Format Version 12.00
# Visual Studio 2013
VisualStudioVersion = 12.0.21005.1
MinimumVisualStudioVersion = 10.0.40219.1
Project("{FAE04EC0-301F-11D3-BF4B-00C04F79EFBC}") = "GemCard", "Smartcard_API\GemCard\GemCard.csproj", "{8B10D15A-39DE-4B56-8DD1-710C1EB3A697}"
EndProject
Project("{FAE04EC0-301F-11D3-BF4B-00C04F79EFBC}") = "DemoSCFmwk", "Smartcard_API\DemoSCFmwk\DemoSCFmwk.csproj", "{8E4C80E1-E0DD-4F6F-B67B-F6DBA6210AD8}"
EndProject
Project("{FAE04EC0-301F-11D3-BF4B-00C04F79EFBC}") = "SmartCardPlayer", "Smartcard_API\SmartCardPlayer\SmartCardPlayer.csproj", "{ACDD475F-E58C-41D6-A258-479CE0C5DB6D}"
EndProject
Project("{FAE04EC0-301F-11D3-BF4B-00C04F79EFBC}") = "ApduExchange", "Smartcard_Test\ApduExchange\ApduExchange.csproj", "{01FB6C02-07A5-4572-BEA8-AC838B8C3A01}"
EndProject
Project("{FAE04EC0-301F-11D3-BF4B-00C04F79EFBC}") = "GSMHelper", "Smartcard_Test\GSMHelper\GSMHelper.csproj", "{D27BD4D0-449D-498A-B57F-B20352427208}"
EndProject
Project("{FAE04EC0-301F-11D3-BF4B-00C04F79EFBC}") = "ReadPhonebook", "Smartcard_Test\ReadPhonebook\ReadPhonebook.csproj", "{C90C499E-C3EF-458D-A58D-27EFB1808D02}"
EndProject
Project("{2150E333-8FDC-42A3-9474-1A3956D46DE8}") = "WCFService", "WCFService", "{90A667C2-4CF2-46FA-B6D2-83099D97BDB3}"
EndProject
Project("{FAE04EC0-301F-11D3-BF4B-00C04F79EFBC}") = "SmartcardService", "Smartcard_WCFService\SmartcardService\SmartcardService.csproj", "{15B3E0D2-6217-493A-A690-158C497F5318}"
EndProject
Project("{FAE04EC0-301F-11D3-BF4B-00C04F79EFBC}") = "SCardServiceHost", "Smartcard_WCFService\SCardServiceHost\SCardServiceHost.csproj", "{457CCCC6-C911-4623-84AA-5072721853DE}"
EndProject
Project("{FAE04EC0-301F-11D3-BF4B-00C04F79EFBC}") = "DemoSCardService", "Smartcard_WCFService\DemoSCardService\DemoSCardService.csproj", "{8E8E2885-A5BD-4FAC-9FE4-D9727D606356}"
EndProject
Project("{2150E333-8FDC-42A3-9474-1A3956D46DE8}") = "Framework", "Framework", "{5DEBD71B-66C2-47B2-A863-CC9A317FA297}"
EndProject
Project("{2150E333-8FDC-42A3-9474-1A3956D46DE8}") = "Applications", "Applications", "{B037CA27-A156-4596-938C-A42C5C9BF5DF}"
EndProject
Project("{FAE04EC0-301F-11D3-BF4B-00C04F79EFBC}") = "ReadTestApp", "Smartcard_Test\ReaderTestApp\ReadTestApp.csproj", "{192F4C63-5135-4B04-A450-EB36696A71CF}"
EndProject
Project("{FAE04EC0-301F-11D3-BF4B-00C04F79EFBC}") = "MifareLib", "MifareLib\MifareLib.csproj", "{524423E9-BCB4-48DC-B229-EA6CC989B18F}"
EndProject
Project("{FAE04EC0-301F-11D3-BF4B-00C04F79EFBC}") = "DESFireLib", "DESFireLib\DESFireLib.csproj", "{B4DC72AD-6619-42CD-AE63-AE05B78E13FD}"
EndProject
Project("{FAE04EC0-301F-11D3-BF4B-00C04F79EFBC}") = "CoreUtil", "Smartcard_API\CoreUtil\CoreUtil.csproj", "{6546861A-BA3B-43ED-881C-2F1AD9550293}"
EndProject
Global
	GlobalSection(SolutionConfigurationPlatforms) = preSolution
		Debug|Any CPU = Debug|Any CPU
		Debug|ARM = Debug|ARM
		Debug|Mixed Platfrom = Debug|Mixed Platfrom
		Debug|x64 = Debug|x64
		Debug|x86 = Debug|x86
		Release|Any CPU = Release|Any CPU
		Release|ARM = Release|ARM
		Release|Mixed Platfrom = Release|Mixed Platfrom
		Release|x64 = Release|x64
		Release|x86 = Release|x86
	EndGlobalSection
	GlobalSection(ProjectConfigurationPlatforms) = postSolution
		{8B10D15A-39DE-4B56-8DD1-710C1EB3A697}.Debug|Any CPU.ActiveCfg = Debug|Any CPU
		{8B10D15A-39DE-4B56-8DD1-710C1EB3A697}.Debug|Any CPU.Build.0 = Debug|Any CPU
		{8B10D15A-39DE-4B56-8DD1-710C1EB3A697}.Debug|ARM.ActiveCfg = Debug|Any CPU
		{8B10D15A-39DE-4B56-8DD1-710C1EB3A697}.Debug|Mixed Platfrom.ActiveCfg = Debug|x86
		{8B10D15A-39DE-4B56-8DD1-710C1EB3A697}.Debug|Mixed Platfrom.Build.0 = Debug|x86
		{8B10D15A-39DE-4B56-8DD1-710C1EB3A697}.Debug|x64.ActiveCfg = Debug|x86
		{8B10D15A-39DE-4B56-8DD1-710C1EB3A697}.Debug|x86.ActiveCfg = Debug|x86
		{8B10D15A-39DE-4B56-8DD1-710C1EB3A697}.Debug|x86.Build.0 = Debug|x86
		{8B10D15A-39DE-4B56-8DD1-710C1EB3A697}.Release|Any CPU.ActiveCfg = Release|Any CPU
		{8B10D15A-39DE-4B56-8DD1-710C1EB3A697}.Release|Any CPU.Build.0 = Release|Any CPU
		{8B10D15A-39DE-4B56-8DD1-710C1EB3A697}.Release|ARM.ActiveCfg = Release|Any CPU
		{8B10D15A-39DE-4B56-8DD1-710C1EB3A697}.Release|Mixed Platfrom.ActiveCfg = Release|Any CPU
		{8B10D15A-39DE-4B56-8DD1-710C1EB3A697}.Release|Mixed Platfrom.Build.0 = Release|Any CPU
		{8B10D15A-39DE-4B56-8DD1-710C1EB3A697}.Release|x64.ActiveCfg = Release|x64
		{8B10D15A-39DE-4B56-8DD1-710C1EB3A697}.Release|x64.Build.0 = Release|x64
		{8B10D15A-39DE-4B56-8DD1-710C1EB3A697}.Release|x86.ActiveCfg = Release|x86
		{8B10D15A-39DE-4B56-8DD1-710C1EB3A697}.Release|x86.Build.0 = Release|x86
		{8E4C80E1-E0DD-4F6F-B67B-F6DBA6210AD8}.Debug|Any CPU.ActiveCfg = Debug|Any CPU
		{8E4C80E1-E0DD-4F6F-B67B-F6DBA6210AD8}.Debug|Any CPU.Build.0 = Debug|Any CPU
		{8E4C80E1-E0DD-4F6F-B67B-F6DBA6210AD8}.Debug|ARM.ActiveCfg = Debug|Any CPU
		{8E4C80E1-E0DD-4F6F-B67B-F6DBA6210AD8}.Debug|Mixed Platfrom.ActiveCfg = Debug|Any CPU
		{8E4C80E1-E0DD-4F6F-B67B-F6DBA6210AD8}.Debug|Mixed Platfrom.Build.0 = Debug|Any CPU
		{8E4C80E1-E0DD-4F6F-B67B-F6DBA6210AD8}.Debug|x64.ActiveCfg = Debug|x64
		{8E4C80E1-E0DD-4F6F-B67B-F6DBA6210AD8}.Debug|x64.Build.0 = Debug|x64
		{8E4C80E1-E0DD-4F6F-B67B-F6DBA6210AD8}.Debug|x86.ActiveCfg = Debug|x86
		{8E4C80E1-E0DD-4F6F-B67B-F6DBA6210AD8}.Debug|x86.Build.0 = Debug|x86
		{8E4C80E1-E0DD-4F6F-B67B-F6DBA6210AD8}.Release|Any CPU.ActiveCfg = Release|Any CPU
		{8E4C80E1-E0DD-4F6F-B67B-F6DBA6210AD8}.Release|Any CPU.Build.0 = Release|Any CPU
		{8E4C80E1-E0DD-4F6F-B67B-F6DBA6210AD8}.Release|ARM.ActiveCfg = Release|Any CPU
		{8E4C80E1-E0DD-4F6F-B67B-F6DBA6210AD8}.Release|Mixed Platfrom.ActiveCfg = Release|Any CPU
		{8E4C80E1-E0DD-4F6F-B67B-F6DBA6210AD8}.Release|Mixed Platfrom.Build.0 = Release|Any CPU
		{8E4C80E1-E0DD-4F6F-B67B-F6DBA6210AD8}.Release|x64.ActiveCfg = Release|x64
		{8E4C80E1-E0DD-4F6F-B67B-F6DBA6210AD8}.Release|x64.Build.0 = Release|x64
		{8E4C80E1-E0DD-4F6F-B67B-F6DBA6210AD8}.Release|x86.ActiveCfg = Release|x86
		{8E4C80E1-E0DD-4F6F-B67B-F6DBA6210AD8}.Release|x86.Build.0 = Release|x86
		{ACDD475F-E58C-41D6-A258-479CE0C5DB6D}.Debug|Any CPU.ActiveCfg = Debug|Any CPU
		{ACDD475F-E58C-41D6-A258-479CE0C5DB6D}.Debug|Any CPU.Build.0 = Debug|Any CPU
		{ACDD475F-E58C-41D6-A258-479CE0C5DB6D}.Debug|ARM.ActiveCfg = Debug|Any CPU
		{ACDD475F-E58C-41D6-A258-479CE0C5DB6D}.Debug|Mixed Platfrom.ActiveCfg = Debug|Any CPU
		{ACDD475F-E58C-41D6-A258-479CE0C5DB6D}.Debug|Mixed Platfrom.Build.0 = Debug|Any CPU
		{ACDD475F-E58C-41D6-A258-479CE0C5DB6D}.Debug|x64.ActiveCfg = Debug|x64
		{ACDD475F-E58C-41D6-A258-479CE0C5DB6D}.Debug|x64.Build.0 = Debug|x64
		{ACDD475F-E58C-41D6-A258-479CE0C5DB6D}.Debug|x86.ActiveCfg = Debug|x86
		{ACDD475F-E58C-41D6-A258-479CE0C5DB6D}.Debug|x86.Build.0 = Debug|x86
		{ACDD475F-E58C-41D6-A258-479CE0C5DB6D}.Release|Any CPU.ActiveCfg = Release|Any CPU
		{ACDD475F-E58C-41D6-A258-479CE0C5DB6D}.Release|Any CPU.Build.0 = Release|Any CPU
		{ACDD475F-E58C-41D6-A258-479CE0C5DB6D}.Release|ARM.ActiveCfg = Release|Any CPU
		{ACDD475F-E58C-41D6-A258-479CE0C5DB6D}.Release|Mixed Platfrom.ActiveCfg = Release|Any CPU
		{ACDD475F-E58C-41D6-A258-479CE0C5DB6D}.Release|Mixed Platfrom.Build.0 = Release|Any CPU
		{ACDD475F-E58C-41D6-A258-479CE0C5DB6D}.Release|x64.ActiveCfg = Release|x64
		{ACDD475F-E58C-41D6-A258-479CE0C5DB6D}.Release|x64.Build.0 = Release|x64
		{ACDD475F-E58C-41D6-A258-479CE0C5DB6D}.Release|x86.ActiveCfg = Release|x86
		{ACDD475F-E58C-41D6-A258-479CE0C5DB6D}.Release|x86.Build.0 = Release|x86
		{01FB6C02-07A5-4572-BEA8-AC838B8C3A01}.Debug|Any CPU.ActiveCfg = Debug|Any CPU
		{01FB6C02-07A5-4572-BEA8-AC838B8C3A01}.Debug|Any CPU.Build.0 = Debug|Any CPU
		{01FB6C02-07A5-4572-BEA8-AC838B8C3A01}.Debug|ARM.ActiveCfg = Debug|Any CPU
		{01FB6C02-07A5-4572-BEA8-AC838B8C3A01}.Debug|Mixed Platfrom.ActiveCfg = Debug|Any CPU
		{01FB6C02-07A5-4572-BEA8-AC838B8C3A01}.Debug|Mixed Platfrom.Build.0 = Debug|Any CPU
		{01FB6C02-07A5-4572-BEA8-AC838B8C3A01}.Debug|x64.ActiveCfg = Debug|x64
		{01FB6C02-07A5-4572-BEA8-AC838B8C3A01}.Debug|x64.Build.0 = Debug|x64
		{01FB6C02-07A5-4572-BEA8-AC838B8C3A01}.Debug|x86.ActiveCfg = Debug|x86
		{01FB6C02-07A5-4572-BEA8-AC838B8C3A01}.Debug|x86.Build.0 = Debug|x86
		{01FB6C02-07A5-4572-BEA8-AC838B8C3A01}.Release|Any CPU.ActiveCfg = Release|Any CPU
		{01FB6C02-07A5-4572-BEA8-AC838B8C3A01}.Release|Any CPU.Build.0 = Release|Any CPU
		{01FB6C02-07A5-4572-BEA8-AC838B8C3A01}.Release|ARM.ActiveCfg = Release|Any CPU
		{01FB6C02-07A5-4572-BEA8-AC838B8C3A01}.Release|Mixed Platfrom.ActiveCfg = Release|Any CPU
		{01FB6C02-07A5-4572-BEA8-AC838B8C3A01}.Release|Mixed Platfrom.Build.0 = Release|Any CPU
		{01FB6C02-07A5-4572-BEA8-AC838B8C3A01}.Release|x64.ActiveCfg = Release|x64
		{01FB6C02-07A5-4572-BEA8-AC838B8C3A01}.Release|x64.Build.0 = Release|x64
		{01FB6C02-07A5-4572-BEA8-AC838B8C3A01}.Release|x86.ActiveCfg = Release|x86
		{01FB6C02-07A5-4572-BEA8-AC838B8C3A01}.Release|x86.Build.0 = Release|x86
		{D27BD4D0-449D-498A-B57F-B20352427208}.Debug|Any CPU.ActiveCfg = Debug|Any CPU
		{D27BD4D0-449D-498A-B57F-B20352427208}.Debug|Any CPU.Build.0 = Debug|Any CPU
		{D27BD4D0-449D-498A-B57F-B20352427208}.Debug|ARM.ActiveCfg = Debug|Any CPU
		{D27BD4D0-449D-498A-B57F-B20352427208}.Debug|Mixed Platfrom.ActiveCfg = Debug|Any CPU
		{D27BD4D0-449D-498A-B57F-B20352427208}.Debug|Mixed Platfrom.Build.0 = Debug|Any CPU
		{D27BD4D0-449D-498A-B57F-B20352427208}.Debug|x64.ActiveCfg = Debug|x64
		{D27BD4D0-449D-498A-B57F-B20352427208}.Debug|x64.Build.0 = Debug|x64
		{D27BD4D0-449D-498A-B57F-B20352427208}.Debug|x86.ActiveCfg = Debug|x86
		{D27BD4D0-449D-498A-B57F-B20352427208}.Debug|x86.Build.0 = Debug|x86
		{D27BD4D0-449D-498A-B57F-B20352427208}.Release|Any CPU.ActiveCfg = Release|Any CPU
		{D27BD4D0-449D-498A-B57F-B20352427208}.Release|Any CPU.Build.0 = Release|Any CPU
		{D27BD4D0-449D-498A-B57F-B20352427208}.Release|ARM.ActiveCfg = Release|Any CPU
		{D27BD4D0-449D-498A-B57F-B20352427208}.Release|Mixed Platfrom.ActiveCfg = Release|Any CPU
		{D27BD4D0-449D-498A-B57F-B20352427208}.Release|Mixed Platfrom.Build.0 = Release|Any CPU
		{D27BD4D0-449D-498A-B57F-B20352427208}.Release|x64.ActiveCfg = Release|x64
		{D27BD4D0-449D-498A-B57F-B20352427208}.Release|x64.Build.0 = Release|x64
		{D27BD4D0-449D-498A-B57F-B20352427208}.Release|x86.ActiveCfg = Release|x86
		{D27BD4D0-449D-498A-B57F-B20352427208}.Release|x86.Build.0 = Release|x86
		{C90C499E-C3EF-458D-A58D-27EFB1808D02}.Debug|Any CPU.ActiveCfg = Debug|Any CPU
		{C90C499E-C3EF-458D-A58D-27EFB1808D02}.Debug|Any CPU.Build.0 = Debug|Any CPU
		{C90C499E-C3EF-458D-A58D-27EFB1808D02}.Debug|ARM.ActiveCfg = Debug|Any CPU
		{C90C499E-C3EF-458D-A58D-27EFB1808D02}.Debug|Mixed Platfrom.ActiveCfg = Debug|Any CPU
		{C90C499E-C3EF-458D-A58D-27EFB1808D02}.Debug|Mixed Platfrom.Build.0 = Debug|Any CPU
		{C90C499E-C3EF-458D-A58D-27EFB1808D02}.Debug|x64.ActiveCfg = Debug|x64
		{C90C499E-C3EF-458D-A58D-27EFB1808D02}.Debug|x64.Build.0 = Debug|x64
		{C90C499E-C3EF-458D-A58D-27EFB1808D02}.Debug|x86.ActiveCfg = Debug|x86
		{C90C499E-C3EF-458D-A58D-27EFB1808D02}.Debug|x86.Build.0 = Debug|x86
		{C90C499E-C3EF-458D-A58D-27EFB1808D02}.Release|Any CPU.ActiveCfg = Release|Any CPU
		{C90C499E-C3EF-458D-A58D-27EFB1808D02}.Release|Any CPU.Build.0 = Release|Any CPU
		{C90C499E-C3EF-458D-A58D-27EFB1808D02}.Release|ARM.ActiveCfg = Release|Any CPU
		{C90C499E-C3EF-458D-A58D-27EFB1808D02}.Release|Mixed Platfrom.ActiveCfg = Release|Any CPU
		{C90C499E-C3EF-458D-A58D-27EFB1808D02}.Release|Mixed Platfrom.Build.0 = Release|Any CPU
		{C90C499E-C3EF-458D-A58D-27EFB1808D02}.Release|x64.ActiveCfg = Release|x64
		{C90C499E-C3EF-458D-A58D-27EFB1808D02}.Release|x64.Build.0 = Release|x64
		{C90C499E-C3EF-458D-A58D-27EFB1808D02}.Release|x86.ActiveCfg = Release|x86
		{C90C499E-C3EF-458D-A58D-27EFB1808D02}.Release|x86.Build.0 = Release|x86
		{15B3E0D2-6217-493A-A690-158C497F5318}.Debug|Any CPU.ActiveCfg = Debug|Any CPU
		{15B3E0D2-6217-493A-A690-158C497F5318}.Debug|Any CPU.Build.0 = Debug|Any CPU
		{15B3E0D2-6217-493A-A690-158C497F5318}.Debug|ARM.ActiveCfg = Debug|Any CPU
		{15B3E0D2-6217-493A-A690-158C497F5318}.Debug|Mixed Platfrom.ActiveCfg = Debug|Any CPU
		{15B3E0D2-6217-493A-A690-158C497F5318}.Debug|x64.ActiveCfg = Debug|Any CPU
		{15B3E0D2-6217-493A-A690-158C497F5318}.Debug|x86.ActiveCfg = Debug|Any CPU
		{15B3E0D2-6217-493A-A690-158C497F5318}.Release|Any CPU.ActiveCfg = Release|Any CPU
		{15B3E0D2-6217-493A-A690-158C497F5318}.Release|Any CPU.Build.0 = Release|Any CPU
		{15B3E0D2-6217-493A-A690-158C497F5318}.Release|ARM.ActiveCfg = Release|Any CPU
		{15B3E0D2-6217-493A-A690-158C497F5318}.Release|Mixed Platfrom.ActiveCfg = Release|Any CPU
		{15B3E0D2-6217-493A-A690-158C497F5318}.Release|x64.ActiveCfg = Release|Any CPU
		{15B3E0D2-6217-493A-A690-158C497F5318}.Release|x86.ActiveCfg = Release|Any CPU
		{457CCCC6-C911-4623-84AA-5072721853DE}.Debug|Any CPU.ActiveCfg = Debug|Any CPU
		{457CCCC6-C911-4623-84AA-5072721853DE}.Debug|Any CPU.Build.0 = Debug|Any CPU
		{457CCCC6-C911-4623-84AA-5072721853DE}.Debug|ARM.ActiveCfg = Debug|Any CPU
		{457CCCC6-C911-4623-84AA-5072721853DE}.Debug|Mixed Platfrom.ActiveCfg = Debug|Any CPU
		{457CCCC6-C911-4623-84AA-5072721853DE}.Debug|x64.ActiveCfg = Debug|Any CPU
		{457CCCC6-C911-4623-84AA-5072721853DE}.Debug|x86.ActiveCfg = Debug|Any CPU
		{457CCCC6-C911-4623-84AA-5072721853DE}.Release|Any CPU.ActiveCfg = Release|Any CPU
		{457CCCC6-C911-4623-84AA-5072721853DE}.Release|Any CPU.Build.0 = Release|Any CPU
		{457CCCC6-C911-4623-84AA-5072721853DE}.Release|ARM.ActiveCfg = Release|Any CPU
		{457CCCC6-C911-4623-84AA-5072721853DE}.Release|Mixed Platfrom.ActiveCfg = Release|Any CPU
		{457CCCC6-C911-4623-84AA-5072721853DE}.Release|x64.ActiveCfg = Release|Any CPU
		{457CCCC6-C911-4623-84AA-5072721853DE}.Release|x86.ActiveCfg = Release|Any CPU
		{8E8E2885-A5BD-4FAC-9FE4-D9727D606356}.Debug|Any CPU.ActiveCfg = Debug|Any CPU
		{8E8E2885-A5BD-4FAC-9FE4-D9727D606356}.Debug|Any CPU.Build.0 = Debug|Any CPU
		{8E8E2885-A5BD-4FAC-9FE4-D9727D606356}.Debug|ARM.ActiveCfg = Debug|Any CPU
		{8E8E2885-A5BD-4FAC-9FE4-D9727D606356}.Debug|Mixed Platfrom.ActiveCfg = Debug|Any CPU
		{8E8E2885-A5BD-4FAC-9FE4-D9727D606356}.Debug|x64.ActiveCfg = Debug|Any CPU
		{8E8E2885-A5BD-4FAC-9FE4-D9727D606356}.Debug|x86.ActiveCfg = Debug|Any CPU
		{8E8E2885-A5BD-4FAC-9FE4-D9727D606356}.Release|Any CPU.ActiveCfg = Release|Any CPU
		{8E8E2885-A5BD-4FAC-9FE4-D9727D606356}.Release|Any CPU.Build.0 = Release|Any CPU
		{8E8E2885-A5BD-4FAC-9FE4-D9727D606356}.Release|ARM.ActiveCfg = Release|Any CPU
		{8E8E2885-A5BD-4FAC-9FE4-D9727D606356}.Release|Mixed Platfrom.ActiveCfg = Release|Any CPU
		{8E8E2885-A5BD-4FAC-9FE4-D9727D606356}.Release|x64.ActiveCfg = Release|Any CPU
		{8E8E2885-A5BD-4FAC-9FE4-D9727D606356}.Release|x86.ActiveCfg = Release|Any CPU
		{192F4C63-5135-4B04-A450-EB36696A71CF}.Debug|Any CPU.ActiveCfg = Debug|Any CPU
		{192F4C63-5135-4B04-A450-EB36696A71CF}.Debug|Any CPU.Build.0 = Debug|Any CPU
		{192F4C63-5135-4B04-A450-EB36696A71CF}.Debug|ARM.ActiveCfg = Debug|Any CPU
		{192F4C63-5135-4B04-A450-EB36696A71CF}.Debug|Mixed Platfrom.ActiveCfg = Debug|Any CPU
		{192F4C63-5135-4B04-A450-EB36696A71CF}.Debug|x64.ActiveCfg = Debug|Any CPU
		{192F4C63-5135-4B04-A450-EB36696A71CF}.Debug|x86.ActiveCfg = Debug|Any CPU
		{192F4C63-5135-4B04-A450-EB36696A71CF}.Release|Any CPU.ActiveCfg = Release|Any CPU
		{192F4C63-5135-4B04-A450-EB36696A71CF}.Release|Any CPU.Build.0 = Release|Any CPU
		{192F4C63-5135-4B04-A450-EB36696A71CF}.Release|ARM.ActiveCfg = Release|Any CPU
		{192F4C63-5135-4B04-A450-EB36696A71CF}.Release|Mixed Platfrom.ActiveCfg = Release|Any CPU
		{192F4C63-5135-4B04-A450-EB36696A71CF}.Release|x64.ActiveCfg = Release|Any CPU
		{192F4C63-5135-4B04-A450-EB36696A71CF}.Release|x86.ActiveCfg = Release|Any CPU
		{524423E9-BCB4-48DC-B229-EA6CC989B18F}.Debug|Any CPU.ActiveCfg = Debug|Any CPU
		{524423E9-BCB4-48DC-B229-EA6CC989B18F}.Debug|Any CPU.Build.0 = Debug|Any CPU
		{524423E9-BCB4-48DC-B229-EA6CC989B18F}.Debug|ARM.ActiveCfg = Debug|Any CPU
		{524423E9-BCB4-48DC-B229-EA6CC989B18F}.Debug|Mixed Platfrom.ActiveCfg = Debug|Any CPU
		{524423E9-BCB4-48DC-B229-EA6CC989B18F}.Debug|x64.ActiveCfg = Debug|Any CPU
		{524423E9-BCB4-48DC-B229-EA6CC989B18F}.Debug|x86.ActiveCfg = Debug|Any CPU
		{524423E9-BCB4-48DC-B229-EA6CC989B18F}.Release|Any CPU.ActiveCfg = Release|Any CPU
		{524423E9-BCB4-48DC-B229-EA6CC989B18F}.Release|Any CPU.Build.0 = Release|Any CPU
		{524423E9-BCB4-48DC-B229-EA6CC989B18F}.Release|ARM.ActiveCfg = Release|Any CPU
		{524423E9-BCB4-48DC-B229-EA6CC989B18F}.Release|Mixed Platfrom.ActiveCfg = Release|Any CPU
		{524423E9-BCB4-48DC-B229-EA6CC989B18F}.Release|x64.ActiveCfg = Release|Any CPU
		{524423E9-BCB4-48DC-B229-EA6CC989B18F}.Release|x86.ActiveCfg = Release|Any CPU
		{B4DC72AD-6619-42CD-AE63-AE05B78E13FD}.Debug|Any CPU.ActiveCfg = Debug|Any CPU
		{B4DC72AD-6619-42CD-AE63-AE05B78E13FD}.Debug|Any CPU.Build.0 = Debug|Any CPU
		{B4DC72AD-6619-42CD-AE63-AE05B78E13FD}.Debug|ARM.ActiveCfg = Debug|Any CPU
		{B4DC72AD-6619-42CD-AE63-AE05B78E13FD}.Debug|Mixed Platfrom.ActiveCfg = Debug|Any CPU
		{B4DC72AD-6619-42CD-AE63-AE05B78E13FD}.Debug|x64.ActiveCfg = Debug|Any CPU
		{B4DC72AD-6619-42CD-AE63-AE05B78E13FD}.Debug|x86.ActiveCfg = Debug|Any CPU
		{B4DC72AD-6619-42CD-AE63-AE05B78E13FD}.Release|Any CPU.ActiveCfg = Release|Any CPU
		{B4DC72AD-6619-42CD-AE63-AE05B78E13FD}.Release|Any CPU.Build.0 = Release|Any CPU
		{B4DC72AD-6619-42CD-AE63-AE05B78E13FD}.Release|ARM.ActiveCfg = Release|Any CPU
		{B4DC72AD-6619-42CD-AE63-AE05B78E13FD}.Release|Mixed Platfrom.ActiveCfg = Release|Any CPU
		{B4DC72AD-6619-42CD-AE63-AE05B78E13FD}.Release|x64.ActiveCfg = Release|Any CPU
		{B4DC72AD-6619-42CD-AE63-AE05B78E13FD}.Release|x86.ActiveCfg = Release|Any CPU
		{6546861A-BA3B-43ED-881C-2F1AD9550293}.Debug|Any CPU.ActiveCfg = Debug|Any CPU
		{6546861A-BA3B-43ED-881C-2F1AD9550293}.Debug|Any CPU.Build.0 = Debug|Any CPU
		{6546861A-BA3B-43ED-881C-2F1AD9550293}.Debug|ARM.ActiveCfg = Debug|Any CPU
		{6546861A-BA3B-43ED-881C-2F1AD9550293}.Debug|Mixed Platfrom.ActiveCfg = Debug|Any CPU
		{6546861A-BA3B-43ED-881C-2F1AD9550293}.Debug|x64.ActiveCfg = Debug|Any CPU
		{6546861A-BA3B-43ED-881C-2F1AD9550293}.Debug|x86.ActiveCfg = Debug|Any CPU
		{6546861A-BA3B-43ED-881C-2F1AD9550293}.Release|Any CPU.ActiveCfg = Release|Any CPU
		{6546861A-BA3B-43ED-881C-2F1AD9550293}.Release|Any CPU.Build.0 = Release|Any CPU
		{6546861A-BA3B-43ED-881C-2F1AD9550293}.Release|ARM.ActiveCfg = Release|Any CPU
		{6546861A-BA3B-43ED-881C-2F1AD9550293}.Release|Mixed Platfrom.ActiveCfg = Release|Any CPU
		{6546861A-BA3B-43ED-881C-2F1AD9550293}.Release|x64.ActiveCfg = Release|Any CPU
		{6546861A-BA3B-43ED-881C-2F1AD9550293}.Release|x86.ActiveCfg = Release|Any CPU
	EndGlobalSection
	GlobalSection(SolutionProperties) = preSolution
		HideSolutionNode = FALSE
	EndGlobalSection
	GlobalSection(NestedProjects) = preSolution
		{D27BD4D0-449D-498A-B57F-B20352427208} = {5DEBD71B-66C2-47B2-A863-CC9A317FA297}
		{8B10D15A-39DE-4B56-8DD1-710C1EB3A697} = {5DEBD71B-66C2-47B2-A863-CC9A317FA297}
		{524423E9-BCB4-48DC-B229-EA6CC989B18F} = {5DEBD71B-66C2-47B2-A863-CC9A317FA297}
		{B4DC72AD-6619-42CD-AE63-AE05B78E13FD} = {5DEBD71B-66C2-47B2-A863-CC9A317FA297}
		{6546861A-BA3B-43ED-881C-2F1AD9550293} = {5DEBD71B-66C2-47B2-A863-CC9A317FA297}
		{ACDD475F-E58C-41D6-A258-479CE0C5DB6D} = {B037CA27-A156-4596-938C-A42C5C9BF5DF}
		{01FB6C02-07A5-4572-BEA8-AC838B8C3A01} = {B037CA27-A156-4596-938C-A42C5C9BF5DF}
		{C90C499E-C3EF-458D-A58D-27EFB1808D02} = {B037CA27-A156-4596-938C-A42C5C9BF5DF}
		{8E4C80E1-E0DD-4F6F-B67B-F6DBA6210AD8} = {B037CA27-A156-4596-938C-A42C5C9BF5DF}
		{192F4C63-5135-4B04-A450-EB36696A71CF} = {B037CA27-A156-4596-938C-A42C5C9BF5DF}
		{15B3E0D2-6217-493A-A690-158C497F5318} = {90A667C2-4CF2-46FA-B6D2-83099D97BDB3}
		{457CCCC6-C911-4623-84AA-5072721853DE} = {90A667C2-4CF2-46FA-B6D2-83099D97BDB3}
		{8E8E2885-A5BD-4FAC-9FE4-D9727D606356} = {90A667C2-4CF2-46FA-B6D2-83099D97BDB3}
	EndGlobalSection
EndGlobal
